
Microsoft Visual Studio Solution File, Format Version 12.00
# Visual Studio Version 17
VisualStudioVersion = 17.14.36616.10 d17.14
MinimumVisualStudioVersion = 10.0.40219.1
Project("{FAE04EC0-301F-11D3-BF4B-00C04F79EFBC}") = "Proyecto_Cafeteria-240284", "Proyecto_Cafeteria-240284\Proyecto_Cafeteria-240284.csproj", "{35368CB8-606B-4FBB-8B43-374C6C1F675E}"
EndProject
Global
	GlobalSection(SolutionConfigurationPlatforms) = preSolution
		Debug|Any CPU = Debug|Any CPU
		Release|Any CPU = Release|Any CPU
	EndGlobalSection
	GlobalSection(ProjectConfigurationPlatforms) = postSolution
		{35368CB8-606B-4FBB-8B43-374C6C1F675E}.Debug|Any CPU.ActiveCfg = Debug|Any CPU
		{35368CB8-606B-4FBB-8B43-374C6C1F675E}.Debug|Any CPU.Build.0 = Debug|Any CPU
		{35368CB8-606B-4FBB-8B43-374C6C1F675E}.Release|Any CPU.ActiveCfg = Release|Any CPU
		{35368CB8-606B-4FBB-8B43-374C6C1F675E}.Release|Any CPU.Build.0 = Release|Any CPU
	EndGlobalSection
	GlobalSection(SolutionProperties) = preSolution
		HideSolutionNode = FALSE
	EndGlobalSection
	GlobalSection(ExtensibilityGlobals) = postSolution
		SolutionGuid = {14219B53-6C7E-436A-A67F-E3DE1F385DA0}
	EndGlobalSection
EndGlobal
